
Microsoft Visual Studio Solution File, Format Version 12.00
# Visual Studio Version 17
VisualStudioVersion = 17.2.32616.157
MinimumVisualStudioVersion = 10.0.40219.1
Project("{FAE04EC0-301F-11D3-BF4B-00C04F79EFBC}") = "Buty", "Buty\Buty.csproj", "{C136D88D-06FD-4980-8325-5CEF8371EB6F}"
EndProject
Global
	GlobalSection(SolutionConfigurationPlatforms) = preSolution
		Debug|Any CPU = Debug|Any CPU
		Release|Any CPU = Release|Any CPU
	EndGlobalSection
	GlobalSection(ProjectConfigurationPlatforms) = postSolution
		{C136D88D-06FD-4980-8325-5CEF8371EB6F}.Debug|Any CPU.ActiveCfg = Debug|Any CPU
		{C136D88D-06FD-4980-8325-5CEF8371EB6F}.Debug|Any CPU.Build.0 = Debug|Any CPU
		{C136D88D-06FD-4980-8325-5CEF8371EB6F}.Release|Any CPU.ActiveCfg = Release|Any CPU
		{C136D88D-06FD-4980-8325-5CEF8371EB6F}.Release|Any CPU.Build.0 = Release|Any CPU
	EndGlobalSection
	GlobalSection(SolutionProperties) = preSolution
		HideSolutionNode = FALSE
	EndGlobalSection
	GlobalSection(ExtensibilityGlobals) = postSolution
		SolutionGuid = {6EC8319A-33FB-4BB6-A9B6-E00BC672A544}
	EndGlobalSection
EndGlobal
