
Microsoft Visual Studio Solution File, Format Version 12.00
# Visual Studio Version 17
VisualStudioVersion = 17.2.32616.157
MinimumVisualStudioVersion = 10.0.40219.1
Project("{FAE04EC0-301F-11D3-BF4B-00C04F79EFBC}") = "ModelDomu", "ModelDomu\ModelDomu.csproj", "{84A04E7A-64A0-4C2E-B8D3-AC58F7A38DC5}"
EndProject
Global
	GlobalSection(SolutionConfigurationPlatforms) = preSolution
		Debug|Any CPU = Debug|Any CPU
		Release|Any CPU = Release|Any CPU
	EndGlobalSection
	GlobalSection(ProjectConfigurationPlatforms) = postSolution
		{84A04E7A-64A0-4C2E-B8D3-AC58F7A38DC5}.Debug|Any CPU.ActiveCfg = Debug|Any CPU
		{84A04E7A-64A0-4C2E-B8D3-AC58F7A38DC5}.Debug|Any CPU.Build.0 = Debug|Any CPU
		{84A04E7A-64A0-4C2E-B8D3-AC58F7A38DC5}.Release|Any CPU.ActiveCfg = Release|Any CPU
		{84A04E7A-64A0-4C2E-B8D3-AC58F7A38DC5}.Release|Any CPU.Build.0 = Release|Any CPU
	EndGlobalSection
	GlobalSection(SolutionProperties) = preSolution
		HideSolutionNode = FALSE
	EndGlobalSection
	GlobalSection(ExtensibilityGlobals) = postSolution
		SolutionGuid = {68FC8D6A-F615-4A82-91CC-4BD15132DAA2}
	EndGlobalSection
EndGlobal
