
Microsoft Visual Studio Solution File, Format Version 12.00
# Visual Studio Version 17
VisualStudioVersion = 17.2.32616.157
MinimumVisualStudioVersion = 10.0.40219.1
Project("{FAE04EC0-301F-11D3-BF4B-00C04F79EFBC}") = "ZapisOdczyt", "ZapisOdczyt\ZapisOdczyt.csproj", "{010E8A46-044D-4709-8DB0-C743A6ED1FC5}"
EndProject
Global
	GlobalSection(SolutionConfigurationPlatforms) = preSolution
		Debug|Any CPU = Debug|Any CPU
		Release|Any CPU = Release|Any CPU
	EndGlobalSection
	GlobalSection(ProjectConfigurationPlatforms) = postSolution
		{010E8A46-044D-4709-8DB0-C743A6ED1FC5}.Debug|Any CPU.ActiveCfg = Debug|Any CPU
		{010E8A46-044D-4709-8DB0-C743A6ED1FC5}.Debug|Any CPU.Build.0 = Debug|Any CPU
		{010E8A46-044D-4709-8DB0-C743A6ED1FC5}.Release|Any CPU.ActiveCfg = Release|Any CPU
		{010E8A46-044D-4709-8DB0-C743A6ED1FC5}.Release|Any CPU.Build.0 = Release|Any CPU
	EndGlobalSection
	GlobalSection(SolutionProperties) = preSolution
		HideSolutionNode = FALSE
	EndGlobalSection
	GlobalSection(ExtensibilityGlobals) = postSolution
		SolutionGuid = {64EBFA6D-2CBB-48CF-87FE-F16EDDB7BD8F}
	EndGlobalSection
EndGlobal
