
Microsoft Visual Studio Solution File, Format Version 12.00
# Visual Studio Version 17
VisualStudioVersion = 17.2.32616.157
MinimumVisualStudioVersion = 10.0.40219.1
Project("{FAE04EC0-301F-11D3-BF4B-00C04F79EFBC}") = "KlejnotyAplikacjaKonsolowa", "KlejnotyAplikacjaKonsolowa\KlejnotyAplikacjaKonsolowa.csproj", "{D371B0B5-B726-4E9F-BD15-2E426DC6EBF9}"
EndProject
Global
	GlobalSection(SolutionConfigurationPlatforms) = preSolution
		Debug|Any CPU = Debug|Any CPU
		Release|Any CPU = Release|Any CPU
	EndGlobalSection
	GlobalSection(ProjectConfigurationPlatforms) = postSolution
		{D371B0B5-B726-4E9F-BD15-2E426DC6EBF9}.Debug|Any CPU.ActiveCfg = Debug|Any CPU
		{D371B0B5-B726-4E9F-BD15-2E426DC6EBF9}.Debug|Any CPU.Build.0 = Debug|Any CPU
		{D371B0B5-B726-4E9F-BD15-2E426DC6EBF9}.Release|Any CPU.ActiveCfg = Release|Any CPU
		{D371B0B5-B726-4E9F-BD15-2E426DC6EBF9}.Release|Any CPU.Build.0 = Release|Any CPU
	EndGlobalSection
	GlobalSection(SolutionProperties) = preSolution
		HideSolutionNode = FALSE
	EndGlobalSection
	GlobalSection(ExtensibilityGlobals) = postSolution
		SolutionGuid = {B145DD4E-C42E-44DB-AF4A-4709F7562755}
	EndGlobalSection
EndGlobal
