
Microsoft Visual Studio Solution File, Format Version 12.00
# Visual Studio Version 17
VisualStudioVersion = 17.2.32616.157
MinimumVisualStudioVersion = 10.0.40219.1
Project("{FAE04EC0-301F-11D3-BF4B-00C04F79EFBC}") = "KrystynaUrodziny", "KrystynaUrodziny\KrystynaUrodziny.csproj", "{4ABE5013-7B96-4618-8CFD-405B861D5B8E}"
EndProject
Global
	GlobalSection(SolutionConfigurationPlatforms) = preSolution
		Debug|Any CPU = Debug|Any CPU
		Release|Any CPU = Release|Any CPU
	EndGlobalSection
	GlobalSection(ProjectConfigurationPlatforms) = postSolution
		{4ABE5013-7B96-4618-8CFD-405B861D5B8E}.Debug|Any CPU.ActiveCfg = Debug|Any CPU
		{4ABE5013-7B96-4618-8CFD-405B861D5B8E}.Debug|Any CPU.Build.0 = Debug|Any CPU
		{4ABE5013-7B96-4618-8CFD-405B861D5B8E}.Release|Any CPU.ActiveCfg = Release|Any CPU
		{4ABE5013-7B96-4618-8CFD-405B861D5B8E}.Release|Any CPU.Build.0 = Release|Any CPU
	EndGlobalSection
	GlobalSection(SolutionProperties) = preSolution
		HideSolutionNode = FALSE
	EndGlobalSection
	GlobalSection(ExtensibilityGlobals) = postSolution
		SolutionGuid = {3DA0DD11-74AF-48EC-B8B8-9572D1A2ECDE}
	EndGlobalSection
EndGlobal
