
Microsoft Visual Studio Solution File, Format Version 12.00
# Visual Studio Version 17
VisualStudioVersion = 17.2.32616.157
MinimumVisualStudioVersion = 10.0.40219.1
Project("{FAE04EC0-301F-11D3-BF4B-00C04F79EFBC}") = "Odbijające się etykiety", "Odbijające się etykiety\Odbijające się etykiety.csproj", "{C5F669DD-680D-4816-81C2-36A30A0C82D5}"
EndProject
Global
	GlobalSection(SolutionConfigurationPlatforms) = preSolution
		Debug|Any CPU = Debug|Any CPU
		Release|Any CPU = Release|Any CPU
	EndGlobalSection
	GlobalSection(ProjectConfigurationPlatforms) = postSolution
		{C5F669DD-680D-4816-81C2-36A30A0C82D5}.Debug|Any CPU.ActiveCfg = Debug|Any CPU
		{C5F669DD-680D-4816-81C2-36A30A0C82D5}.Debug|Any CPU.Build.0 = Debug|Any CPU
		{C5F669DD-680D-4816-81C2-36A30A0C82D5}.Release|Any CPU.ActiveCfg = Release|Any CPU
		{C5F669DD-680D-4816-81C2-36A30A0C82D5}.Release|Any CPU.Build.0 = Release|Any CPU
	EndGlobalSection
	GlobalSection(SolutionProperties) = preSolution
		HideSolutionNode = FALSE
	EndGlobalSection
	GlobalSection(ExtensibilityGlobals) = postSolution
		SolutionGuid = {F88DB227-C759-48CA-B40F-16375009DD5F}
	EndGlobalSection
EndGlobal
