
Microsoft Visual Studio Solution File, Format Version 12.00
# Visual Studio Version 17
VisualStudioVersion = 17.2.32616.157
MinimumVisualStudioVersion = 10.0.40219.1
Project("{FAE04EC0-301F-11D3-BF4B-00C04F79EFBC}") = "Gra w literki", "Gra w literki\Gra w literki.csproj", "{89CD5B2B-3688-4217-9AA5-8750212CF68C}"
EndProject
Global
	GlobalSection(SolutionConfigurationPlatforms) = preSolution
		Debug|Any CPU = Debug|Any CPU
		Release|Any CPU = Release|Any CPU
	EndGlobalSection
	GlobalSection(ProjectConfigurationPlatforms) = postSolution
		{89CD5B2B-3688-4217-9AA5-8750212CF68C}.Debug|Any CPU.ActiveCfg = Debug|Any CPU
		{89CD5B2B-3688-4217-9AA5-8750212CF68C}.Debug|Any CPU.Build.0 = Debug|Any CPU
		{89CD5B2B-3688-4217-9AA5-8750212CF68C}.Release|Any CPU.ActiveCfg = Release|Any CPU
		{89CD5B2B-3688-4217-9AA5-8750212CF68C}.Release|Any CPU.Build.0 = Release|Any CPU
	EndGlobalSection
	GlobalSection(SolutionProperties) = preSolution
		HideSolutionNode = FALSE
	EndGlobalSection
	GlobalSection(ExtensibilityGlobals) = postSolution
		SolutionGuid = {16797900-E9B1-4387-858B-7F09B1C3E22E}
	EndGlobalSection
EndGlobal
