
Microsoft Visual Studio Solution File, Format Version 12.00
# Visual Studio Version 17
VisualStudioVersion = 17.2.32616.157
MinimumVisualStudioVersion = 10.0.40219.1
Project("{FAE04EC0-301F-11D3-BF4B-00C04F79EFBC}") = "Bar3", "Bar3\Bar3.csproj", "{17EFE389-CDAC-4BFF-85E1-852D67AD4743}"
EndProject
Global
	GlobalSection(SolutionConfigurationPlatforms) = preSolution
		Debug|Any CPU = Debug|Any CPU
		Release|Any CPU = Release|Any CPU
	EndGlobalSection
	GlobalSection(ProjectConfigurationPlatforms) = postSolution
		{17EFE389-CDAC-4BFF-85E1-852D67AD4743}.Debug|Any CPU.ActiveCfg = Debug|Any CPU
		{17EFE389-CDAC-4BFF-85E1-852D67AD4743}.Debug|Any CPU.Build.0 = Debug|Any CPU
		{17EFE389-CDAC-4BFF-85E1-852D67AD4743}.Release|Any CPU.ActiveCfg = Release|Any CPU
		{17EFE389-CDAC-4BFF-85E1-852D67AD4743}.Release|Any CPU.Build.0 = Release|Any CPU
	EndGlobalSection
	GlobalSection(SolutionProperties) = preSolution
		HideSolutionNode = FALSE
	EndGlobalSection
	GlobalSection(ExtensibilityGlobals) = postSolution
		SolutionGuid = {06D9154E-CD1F-48C1-9FA6-80F16BF3DE52}
	EndGlobalSection
EndGlobal
