
Microsoft Visual Studio Solution File, Format Version 12.00
# Visual Studio Version 17
VisualStudioVersion = 17.2.32616.157
MinimumVisualStudioVersion = 10.0.40219.1
Project("{FAE04EC0-301F-11D3-BF4B-00C04F79EFBC}") = "AplikacjaUL", "AplikacjaUL\AplikacjaUL.csproj", "{6FF86B17-F31B-4B41-A6D8-4B2AD19EA436}"
EndProject
Global
	GlobalSection(SolutionConfigurationPlatforms) = preSolution
		Debug|Any CPU = Debug|Any CPU
		Release|Any CPU = Release|Any CPU
	EndGlobalSection
	GlobalSection(ProjectConfigurationPlatforms) = postSolution
		{6FF86B17-F31B-4B41-A6D8-4B2AD19EA436}.Debug|Any CPU.ActiveCfg = Debug|Any CPU
		{6FF86B17-F31B-4B41-A6D8-4B2AD19EA436}.Debug|Any CPU.Build.0 = Debug|Any CPU
		{6FF86B17-F31B-4B41-A6D8-4B2AD19EA436}.Release|Any CPU.ActiveCfg = Release|Any CPU
		{6FF86B17-F31B-4B41-A6D8-4B2AD19EA436}.Release|Any CPU.Build.0 = Release|Any CPU
	EndGlobalSection
	GlobalSection(SolutionProperties) = preSolution
		HideSolutionNode = FALSE
	EndGlobalSection
	GlobalSection(ExtensibilityGlobals) = postSolution
		SolutionGuid = {05EE7B35-7A48-4B40-9AFF-F39EA0078CA9}
	EndGlobalSection
EndGlobal
